
Microsoft Visual Studio Solution File, Format Version 12.00
# Visual Studio Version 16
VisualStudioVersion = 16.0.29613.14
MinimumVisualStudioVersion = 10.0.40219.1
Project("{9A19103F-16F7-4668-BE54-9A1E7A4F7556}") = "Hass-Alarm", "Hass-Alarm\Hass-Alarm.csproj", "{79C65DDB-8FDD-4C88-A0B4-9EDBC24F23D7}"
EndProject
Project("{E53339B2-1760-4266-BCC7-CA923CBCF16C}") = "docker-compose", "docker-compose.dcproj", "{08A533C5-8F74-4788-B448-B8B903F8FF6C}"
EndProject
Global
	GlobalSection(SolutionConfigurationPlatforms) = preSolution
		Debug|Any CPU = Debug|Any CPU
		Release|Any CPU = Release|Any CPU
		ReleaseArm32|Any CPU = ReleaseArm32|Any CPU
	EndGlobalSection
	GlobalSection(ProjectConfigurationPlatforms) = postSolution
		{79C65DDB-8FDD-4C88-A0B4-9EDBC24F23D7}.Debug|Any CPU.ActiveCfg = Debug|Any CPU
		{79C65DDB-8FDD-4C88-A0B4-9EDBC24F23D7}.Debug|Any CPU.Build.0 = Debug|Any CPU
		{79C65DDB-8FDD-4C88-A0B4-9EDBC24F23D7}.Release|Any CPU.ActiveCfg = Release|Any CPU
		{79C65DDB-8FDD-4C88-A0B4-9EDBC24F23D7}.Release|Any CPU.Build.0 = Release|Any CPU
		{79C65DDB-8FDD-4C88-A0B4-9EDBC24F23D7}.ReleaseArm32|Any CPU.ActiveCfg = ReleaseArm32|Any CPU
		{79C65DDB-8FDD-4C88-A0B4-9EDBC24F23D7}.ReleaseArm32|Any CPU.Build.0 = ReleaseArm32|Any CPU
		{08A533C5-8F74-4788-B448-B8B903F8FF6C}.Debug|Any CPU.ActiveCfg = Debug|Any CPU
		{08A533C5-8F74-4788-B448-B8B903F8FF6C}.Debug|Any CPU.Build.0 = Debug|Any CPU
		{08A533C5-8F74-4788-B448-B8B903F8FF6C}.Release|Any CPU.ActiveCfg = Release|Any CPU
		{08A533C5-8F74-4788-B448-B8B903F8FF6C}.Release|Any CPU.Build.0 = Release|Any CPU
		{08A533C5-8F74-4788-B448-B8B903F8FF6C}.ReleaseArm32|Any CPU.ActiveCfg = ReleaseArm32|Any CPU
		{08A533C5-8F74-4788-B448-B8B903F8FF6C}.ReleaseArm32|Any CPU.Build.0 = ReleaseArm32|Any CPU
	EndGlobalSection
	GlobalSection(SolutionProperties) = preSolution
		HideSolutionNode = FALSE
	EndGlobalSection
	GlobalSection(ExtensibilityGlobals) = postSolution
		SolutionGuid = {3A1611CF-7B1B-4D11-A1B4-56B2D695C9E9}
	EndGlobalSection
EndGlobal
